
Microsoft Visual Studio Solution File, Format Version 12.00
# Visual Studio Version 17
VisualStudioVersion = 17.12.35521.163
MinimumVisualStudioVersion = 10.0.40219.1
Project("{FAE04EC0-301F-11D3-BF4B-00C04F79EFBC}") = "TheCoffeeHand", "TheCoffeeHand\TheCoffeeHand.csproj", "{98DDA0D5-2D03-49AF-9B92-C37E136E56A6}"
EndProject
Project("{2150E333-8FDC-42A3-9474-1A3956D46DE8}") = "1.INTERFACE ADAPTERS", "1.INTERFACE ADAPTERS", "{549494E8-5FF4-4F8B-A52A-2B21B8AB5EC9}"
EndProject
Project("{2150E333-8FDC-42A3-9474-1A3956D46DE8}") = "3.INFRASTRUCTURE", "3.INFRASTRUCTURE", "{0F0AA2EF-1F2B-43BC-9BE3-E1C5AE7A941B}"
EndProject
Project("{2150E333-8FDC-42A3-9474-1A3956D46DE8}") = "2.SERVICES", "2.SERVICES", "{CE93DB11-0D14-45A1-983D-CDF14304F9E1}"
EndProject
Project("{2150E333-8FDC-42A3-9474-1A3956D46DE8}") = "4.CORE", "4.CORE", "{5AA0FA94-B622-495B-93DB-362736820EDD}"
EndProject
Project("{FAE04EC0-301F-11D3-BF4B-00C04F79EFBC}") = "Core", "Core\Core.csproj", "{9C263486-451F-4F6F-B93D-8F6F1C890EFB}"
EndProject
Project("{FAE04EC0-301F-11D3-BF4B-00C04F79EFBC}") = "Domain", "Interfracture\Domain.csproj", "{3903F98E-BAEB-4111-9EFF-2FFFB1228942}"
EndProject
Project("{FAE04EC0-301F-11D3-BF4B-00C04F79EFBC}") = "Infrastructure", "Repositories\Infrastructure.csproj", "{7C4CA5F6-8759-4D7D-B262-BEC5D012F9B4}"
EndProject
Project("{FAE04EC0-301F-11D3-BF4B-00C04F79EFBC}") = "Services", "Services\Services.csproj", "{99016961-97CE-419C-93C9-6B46DE6ADAF5}"
EndProject
Global
	GlobalSection(SolutionConfigurationPlatforms) = preSolution
		Debug|Any CPU = Debug|Any CPU
		Release|Any CPU = Release|Any CPU
	EndGlobalSection
	GlobalSection(ProjectConfigurationPlatforms) = postSolution
		{98DDA0D5-2D03-49AF-9B92-C37E136E56A6}.Debug|Any CPU.ActiveCfg = Debug|Any CPU
		{98DDA0D5-2D03-49AF-9B92-C37E136E56A6}.Debug|Any CPU.Build.0 = Debug|Any CPU
		{98DDA0D5-2D03-49AF-9B92-C37E136E56A6}.Release|Any CPU.ActiveCfg = Release|Any CPU
		{98DDA0D5-2D03-49AF-9B92-C37E136E56A6}.Release|Any CPU.Build.0 = Release|Any CPU
		{9C263486-451F-4F6F-B93D-8F6F1C890EFB}.Debug|Any CPU.ActiveCfg = Debug|Any CPU
		{9C263486-451F-4F6F-B93D-8F6F1C890EFB}.Debug|Any CPU.Build.0 = Debug|Any CPU
		{9C263486-451F-4F6F-B93D-8F6F1C890EFB}.Release|Any CPU.ActiveCfg = Release|Any CPU
		{9C263486-451F-4F6F-B93D-8F6F1C890EFB}.Release|Any CPU.Build.0 = Release|Any CPU
		{3903F98E-BAEB-4111-9EFF-2FFFB1228942}.Debug|Any CPU.ActiveCfg = Debug|Any CPU
		{3903F98E-BAEB-4111-9EFF-2FFFB1228942}.Debug|Any CPU.Build.0 = Debug|Any CPU
		{3903F98E-BAEB-4111-9EFF-2FFFB1228942}.Release|Any CPU.ActiveCfg = Release|Any CPU
		{3903F98E-BAEB-4111-9EFF-2FFFB1228942}.Release|Any CPU.Build.0 = Release|Any CPU
		{7C4CA5F6-8759-4D7D-B262-BEC5D012F9B4}.Debug|Any CPU.ActiveCfg = Debug|Any CPU
		{7C4CA5F6-8759-4D7D-B262-BEC5D012F9B4}.Debug|Any CPU.Build.0 = Debug|Any CPU
		{7C4CA5F6-8759-4D7D-B262-BEC5D012F9B4}.Release|Any CPU.ActiveCfg = Release|Any CPU
		{7C4CA5F6-8759-4D7D-B262-BEC5D012F9B4}.Release|Any CPU.Build.0 = Release|Any CPU
		{99016961-97CE-419C-93C9-6B46DE6ADAF5}.Debug|Any CPU.ActiveCfg = Debug|Any CPU
		{99016961-97CE-419C-93C9-6B46DE6ADAF5}.Debug|Any CPU.Build.0 = Debug|Any CPU
		{99016961-97CE-419C-93C9-6B46DE6ADAF5}.Release|Any CPU.ActiveCfg = Release|Any CPU
		{99016961-97CE-419C-93C9-6B46DE6ADAF5}.Release|Any CPU.Build.0 = Release|Any CPU
	EndGlobalSection
	GlobalSection(SolutionProperties) = preSolution
		HideSolutionNode = FALSE
	EndGlobalSection
	GlobalSection(NestedProjects) = preSolution
		{98DDA0D5-2D03-49AF-9B92-C37E136E56A6} = {549494E8-5FF4-4F8B-A52A-2B21B8AB5EC9}
		{9C263486-451F-4F6F-B93D-8F6F1C890EFB} = {5AA0FA94-B622-495B-93DB-362736820EDD}
		{3903F98E-BAEB-4111-9EFF-2FFFB1228942} = {5AA0FA94-B622-495B-93DB-362736820EDD}
		{7C4CA5F6-8759-4D7D-B262-BEC5D012F9B4} = {0F0AA2EF-1F2B-43BC-9BE3-E1C5AE7A941B}
		{99016961-97CE-419C-93C9-6B46DE6ADAF5} = {CE93DB11-0D14-45A1-983D-CDF14304F9E1}
	EndGlobalSection
EndGlobal
